#MicroXplorer Configuration settings - do not modify
Mcu.Family=STM32F4
PE12.GPIO_ModeDefaultOutputPP=GPIO_MODE_OUTPUT_OD
ProjectManager.MainLocation=Core/Src
PB10.PinState=GPIO_PIN_SET
PE8.PinState=GPIO_PIN_SET
PH0-OSC_IN.Signal=RCC_OSC_IN
PE14.GPIO_Speed=GPIO_SPEED_FREQ_VERY_HIGH
RCC.CortexFreq_Value=168000000
ProjectManager.KeepUserCode=true
PB10.GPIO_Speed=GPIO_SPEED_FREQ_VERY_HIGH
Mcu.UserName=STM32F407ZGTx
PB10.GPIO_PuPd=GPIO_PULLUP
RCC.PLLCLKFreq_Value=168000000
RCC.PLLQCLKFreq_Value=84000000
PC5.Locked=true
PE8.GPIO_PuPd=GPIO_PULLUP
PA3.GPIO_PuPd=GPIO_PULLUP
ProjectManager.functionlistsort=1-MX_GPIO_Init-GPIO-false-HAL-true,2-SystemClock_Config-RCC-false-HAL-false
RCC.RTCFreq_Value=32000
PA3.GPIOParameters=GPIO_Speed,PinState,GPIO_PuPd,GPIO_Label,GPIO_ModeDefaultOutputPP
PE10.GPIO_PuPd=GPIO_PULLUP
PF13.GPIO_ModeDefaultOutputPP=GPIO_MODE_OUTPUT_OD
PA3.GPIO_Speed=GPIO_SPEED_FREQ_VERY_HIGH
PA5.PinState=GPIO_PIN_SET
PinOutPanel.RotationAngle=0
RCC.SYSCLKSource=RCC_SYSCLKSOURCE_PLLCLK
ProjectManager.StackSize=0x400
RCC.FCLKCortexFreq_Value=168000000
NVIC.SVCall_IRQn=true\:0\:0\:false\:false\:true\:false\:false
Mcu.IP2=SYS
Mcu.IP0=NVIC
PB10.GPIO_ModeDefaultOutputPP=GPIO_MODE_OUTPUT_OD
Mcu.IP1=RCC
Mcu.UserConstants=
PF11.GPIO_PuPd=GPIO_PULLUP
Mcu.ThirdPartyNb=0
PB1.GPIO_PuPd=GPIO_PULLUP
RCC.HCLKFreq_Value=168000000
Mcu.IPNb=3
RCC.I2SClocksFreq_Value=192000000
ProjectManager.PreviousToolchain=
RCC.APB2TimFreq_Value=168000000
PF13.GPIO_Speed=GPIO_SPEED_FREQ_VERY_HIGH
RCC.VcooutputI2S=192000000
PF11.GPIO_Label=LCD_D5
Mcu.Pin6=PF11
Mcu.Pin7=PF13
Mcu.Pin8=PF15
PE10.Locked=true
Mcu.Pin9=PG1
PE14.PinState=GPIO_PIN_SET
RCC.AHBFreq_Value=168000000
PH0-OSC_IN.Mode=HSE-External-Oscillator
Mcu.Pin0=PH0-OSC_IN
Mcu.Pin1=PH1-OSC_OUT
PE14.Locked=true
GPIO.groupedBy=
Mcu.Pin2=PA3
Mcu.Pin3=PA5
Mcu.Pin4=PC5
Mcu.Pin5=PB1
ProjectManager.ProjectBuild=false
RCC.HSE_VALUE=8000000
NVIC.UsageFault_IRQn=true\:0\:0\:false\:false\:true\:false\:false
NVIC.DebugMonitor_IRQn=true\:0\:0\:false\:false\:true\:false\:false
NVIC.SysTick_IRQn=true\:0\:0\:false\:false\:true\:false\:true
PG1.GPIOParameters=GPIO_Speed,PinState,GPIO_PuPd,GPIO_Label,GPIO_ModeDefaultOutputPP
ProjectManager.FirmwarePackage=STM32Cube FW_F4 V1.25.2
MxDb.Version=DB.6.0.10
ProjectManager.BackupPrevious=false
RCC.VCOInputFreq_Value=2000000
PB1.GPIO_Speed=GPIO_SPEED_FREQ_VERY_HIGH
PA14.Mode=Serial_Wire
PE8.Locked=true
PA5.GPIO_PuPd=GPIO_PULLUP
PB1.GPIO_Label=LCD_D6
PF11.Signal=GPIO_Output
File.Version=6
PF11.PinState=GPIO_PIN_SET
PF13.Locked=true
PE10.GPIO_ModeDefaultOutputPP=GPIO_MODE_OUTPUT_OD
NVIC.PendSV_IRQn=true\:0\:0\:false\:false\:true\:false\:false
PE10.GPIO_Speed=GPIO_SPEED_FREQ_VERY_HIGH
PF11.GPIOParameters=GPIO_Speed,PinState,GPIO_PuPd,GPIO_Label,GPIO_ModeDefaultOutputPP
PE10.Signal=GPIO_Output
ProjectManager.HalAssertFull=false
ProjectManager.ProjectName=test
PB1.PinState=GPIO_PIN_SET
PH1-OSC_OUT.Mode=HSE-External-Oscillator
RCC.MCO2PinFreq_Value=168000000
Mcu.Package=LQFP144
PB1.Signal=GPIO_Output
PA5.Locked=true
PE10.GPIOParameters=GPIO_Speed,PinState,GPIO_PuPd,GPIO_Label,GPIO_ModeDefaultOutputPP
ProjectManager.ToolChainLocation=
PF15.GPIO_PuPd=GPIO_PULLUP
PG1.GPIO_PuPd=GPIO_PULLUP
RCC.LSI_VALUE=32000
VP_SYS_VS_Systick.Signal=SYS_VS_Systick
PE12.GPIO_Label=LCD_E
PA5.GPIOParameters=GPIO_Speed,PinState,GPIO_PuPd,GPIO_Label,GPIO_ModeDefaultOutputPP
PE12.GPIO_Speed=GPIO_SPEED_FREQ_VERY_HIGH
PE8.GPIO_Speed=GPIO_SPEED_FREQ_VERY_HIGH
RCC.APB2CLKDivider=RCC_HCLK_DIV2
RCC.APB1TimFreq_Value=84000000
PE8.GPIO_ModeDefaultOutputPP=GPIO_MODE_OUTPUT_OD
NVIC.BusFault_IRQn=true\:0\:0\:false\:false\:true\:false\:false
PF15.PinState=GPIO_PIN_SET
PG1.PinState=GPIO_PIN_SET
PC5.Signal=GPIO_Output
PB10.GPIOParameters=GPIO_Speed,PinState,GPIO_PuPd,GPIO_Label,GPIO_ModeDefaultOutputPP
PE10.GPIO_Label=LCD_D0
PF15.GPIOParameters=GPIO_Speed,PinState,GPIO_PuPd,GPIO_Label,GPIO_ModeDefaultOutputPP
PE12.Locked=true
ProjectManager.CustomerFirmwarePackage=
PA3.Signal=GPIO_Output
PE12.GPIO_PuPd=GPIO_PULLUP
PE14.GPIO_ModeDefaultOutputPP=GPIO_MODE_OUTPUT_OD
PE10.PinState=GPIO_PIN_SET
ProjectManager.ProjectFileName=test.ioc
PE8.GPIOParameters=GPIO_Speed,PinState,GPIO_PuPd,GPIO_Label,GPIO_ModeDefaultOutputPP
PA3.GPIO_ModeDefaultOutputPP=GPIO_MODE_OUTPUT_OD
PE14.GPIOParameters=GPIO_Speed,PinState,GPIO_PuPd,GPIO_Label,GPIO_ModeDefaultOutputPP
Mcu.PinsNb=18
ProjectManager.NoMain=false
PG1.Signal=GPIO_Output
PG1.Locked=true
ProjectManager.DefaultFWLocation=true
PE14.GPIO_Label=LCD_RW
PF13.PinState=GPIO_PIN_SET
ProjectManager.DeletePrevious=true
RCC.APB1CLKDivider=RCC_HCLK_DIV4
PB10.Locked=true
PC5.GPIO_PuPd=GPIO_PULLUP
PF13.GPIO_Label=LCD_D4
RCC.FamilyName=M
PF11.GPIO_Speed=GPIO_SPEED_FREQ_VERY_HIGH
PA13.Signal=SYS_JTMS-SWDIO
ProjectManager.TargetToolchain=MDK-ARM V5.27
PB10.GPIO_Label=LCD_RS
PE8.GPIO_Label=LCD_D1
PF15.Locked=true
PC5.GPIOParameters=GPIO_Speed,PinState,GPIO_PuPd,GPIO_Label,GPIO_ModeDefaultOutputPP
ProjectManager.RegisterCallBack=
PG1.GPIO_ModeDefaultOutputPP=GPIO_MODE_OUTPUT_OD
RCC.LSE_VALUE=32768
PB1.Locked=true
PB10.Signal=GPIO_Output
RCC.VCOI2SOutputFreq_Value=384000000
PA5.Signal=GPIO_Output
board=custom
RCC.VCOOutputFreq_Value=336000000
PG1.GPIO_Label=LCD_D2
ProjectManager.LastFirmware=true
PF15.GPIO_Speed=GPIO_SPEED_FREQ_VERY_HIGH
PF13.GPIO_PuPd=GPIO_PULLUP
RCC.APB2Freq_Value=84000000
PE14.Signal=GPIO_Output
MxCube.Version=6.1.1
PA5.GPIO_ModeDefaultOutputPP=GPIO_MODE_OUTPUT_OD
PE8.Signal=GPIO_Output
VP_SYS_VS_Systick.Mode=SysTick
RCC.EthernetFreq_Value=168000000
PF11.Locked=true
PH1-OSC_OUT.Signal=RCC_OSC_OUT
PF15.GPIO_Label=LCD_D3
PF15.Signal=GPIO_Output
NVIC.NonMaskableInt_IRQn=true\:0\:0\:false\:false\:true\:false\:false
PF13.Signal=GPIO_Output
PE14.GPIO_PuPd=GPIO_PULLUP
PF15.GPIO_ModeDefaultOutputPP=GPIO_MODE_OUTPUT_OD
PA13.Mode=Serial_Wire
ProjectManager.FreePins=false
RCC.IPParameters=48MHZClocksFreq_Value,AHBFreq_Value,APB1CLKDivider,APB1Freq_Value,APB1TimFreq_Value,APB2CLKDivider,APB2Freq_Value,APB2TimFreq_Value,CortexFreq_Value,EthernetFreq_Value,FCLKCortexFreq_Value,FamilyName,HCLKFreq_Value,HSE_VALUE,HSI_VALUE,I2SClocksFreq_Value,LSE_VALUE,LSI_VALUE,MCO2PinFreq_Value,PLLCLKFreq_Value,PLLM,PLLN,PLLQCLKFreq_Value,RTCFreq_Value,RTCHSEDivFreq_Value,SYSCLKFreq_VALUE,SYSCLKSource,VCOI2SOutputFreq_Value,VCOInputFreq_Value,VCOOutputFreq_Value,VcooutputI2S
ProjectManager.AskForMigrate=true
Mcu.Name=STM32F407Z(E-G)Tx
PG1.GPIO_Speed=GPIO_SPEED_FREQ_VERY_HIGH
PE12.Signal=GPIO_Output
RCC.RTCHSEDivFreq_Value=4000000
ProjectManager.UnderRoot=false
PE12.PinState=GPIO_PIN_SET
ProjectManager.CoupleFile=true
RCC.48MHZClocksFreq_Value=84000000
PF11.GPIO_ModeDefaultOutputPP=GPIO_MODE_OUTPUT_OD
RCC.SYSCLKFreq_VALUE=168000000
PA3.Locked=true
PC5.PinState=GPIO_PIN_SET
PA5.GPIO_Label=LCD_PSB
NVIC.ForceEnableDMAVector=true
KeepUserPlacement=false
PC5.GPIO_Label=LCD_D7
NVIC.MemoryManagement_IRQn=true\:0\:0\:false\:false\:true\:false\:false
ProjectManager.CompilerOptimize=6
PA14.Signal=SYS_JTCK-SWCLK
ProjectManager.HeapSize=0x200
Mcu.Pin15=PA13
NVIC.HardFault_IRQn=true\:0\:0\:false\:false\:true\:false\:false
Mcu.Pin16=PA14
Mcu.Pin13=PE14
PF13.GPIOParameters=GPIO_Speed,PinState,GPIO_PuPd,GPIO_Label,GPIO_ModeDefaultOutputPP
Mcu.Pin14=PB10
ProjectManager.ComputerToolchain=false
Mcu.Pin17=VP_SYS_VS_Systick
RCC.HSI_VALUE=16000000
PA5.GPIO_Speed=GPIO_SPEED_FREQ_VERY_HIGH
NVIC.PriorityGroup=NVIC_PRIORITYGROUP_4
Mcu.Pin11=PE10
PC5.GPIO_Speed=GPIO_SPEED_FREQ_VERY_HIGH
Mcu.Pin12=PE12
RCC.PLLM=8
RCC.PLLN=168
Mcu.Pin10=PE8
PA3.PinState=GPIO_PIN_SET
PE12.GPIOParameters=GPIO_Speed,PinState,GPIO_PuPd,GPIO_Label,GPIO_ModeDefaultOutputPP
PB1.GPIO_ModeDefaultOutputPP=GPIO_MODE_OUTPUT_OD
RCC.APB1Freq_Value=42000000
PC5.GPIO_ModeDefaultOutputPP=GPIO_MODE_OUTPUT_OD
ProjectManager.DeviceId=STM32F407ZGTx
ProjectManager.LibraryCopy=1
PA3.GPIO_Label=LCD_RST
PB1.GPIOParameters=GPIO_Speed,PinState,GPIO_PuPd,GPIO_Label,GPIO_ModeDefaultOutputPP
